// !$*UTF8*$!
{
	archiveVersion = 1;
	classes = {
	};
	objectVersion = 48;
	objects = {

/* Begin PBXBuildFile section */
		69324C951FD9773A0035207F /* Center of tile function.swift in Sources */ = {isa = PBXBuildFile; fileRef = 69324C941FD9773A0035207F /* Center of tile function.swift */; };
		69C4AE0E1FD19CC300C000E3 /* Map.swift in Sources */ = {isa = PBXBuildFile; fileRef = 69C4AE0D1FD19CC300C000E3 /* Map.swift */; };
		69CBB3861FD6D43100255EFB /* grid detection.swift in Sources */ = {isa = PBXBuildFile; fileRef = 69CBB3851FD6D43100255EFB /* grid detection.swift */; };
		B3508BCC1FCDA03C0085FF30 /* slkscr.ttf in Resources */ = {isa = PBXBuildFile; fileRef = B3508BCB1FCDA03C0085FF30 /* slkscr.ttf */; };
		B3508BCE1FCDA0460085FF30 /* slkscrb.ttf in Resources */ = {isa = PBXBuildFile; fileRef = B3508BCD1FCDA0460085FF30 /* slkscrb.ttf */; };
		B3508BD01FCDA04F0085FF30 /* slkscre.ttf in Resources */ = {isa = PBXBuildFile; fileRef = B3508BCF1FCDA04F0085FF30 /* slkscre.ttf */; };
		B3508BD21FCDA05A0085FF30 /* slkscreb.ttf in Resources */ = {isa = PBXBuildFile; fileRef = B3508BD11FCDA0590085FF30 /* slkscreb.ttf */; };
		BC6E3A4D1FC70347004FE3BB /* AppDelegate.swift in Sources */ = {isa = PBXBuildFile; fileRef = BC6E3A4C1FC70347004FE3BB /* AppDelegate.swift */; };
		BC6E3A4F1FC70347004FE3BB /* GameScene.sks in Resources */ = {isa = PBXBuildFile; fileRef = BC6E3A4E1FC70347004FE3BB /* GameScene.sks */; };
		BC6E3A511FC70347004FE3BB /* Actions.sks in Resources */ = {isa = PBXBuildFile; fileRef = BC6E3A501FC70347004FE3BB /* Actions.sks */; };
		BC6E3A531FC70347004FE3BB /* GameScene.swift in Sources */ = {isa = PBXBuildFile; fileRef = BC6E3A521FC70347004FE3BB /* GameScene.swift */; };
		BC6E3A551FC70347004FE3BB /* GameViewController.swift in Sources */ = {isa = PBXBuildFile; fileRef = BC6E3A541FC70347004FE3BB /* GameViewController.swift */; };
		BC6E3A581FC70347004FE3BB /* Main.storyboard in Resources */ = {isa = PBXBuildFile; fileRef = BC6E3A561FC70347004FE3BB /* Main.storyboard */; };
		BC6E3A5A1FC70347004FE3BB /* Assets.xcassets in Resources */ = {isa = PBXBuildFile; fileRef = BC6E3A591FC70347004FE3BB /* Assets.xcassets */; };
		BC6E3A5D1FC70347004FE3BB /* LaunchScreen.storyboard in Resources */ = {isa = PBXBuildFile; fileRef = BC6E3A5B1FC70347004FE3BB /* LaunchScreen.storyboard */; };
/* End PBXBuildFile section */

/* Begin PBXFileReference section */
		69324C941FD9773A0035207F /* Center of tile function.swift */ = {isa = PBXFileReference; lastKnownFileType = sourcecode.swift; path = "Center of tile function.swift"; sourceTree = "<group>"; };
		69C4AE0D1FD19CC300C000E3 /* Map.swift */ = {isa = PBXFileReference; lastKnownFileType = sourcecode.swift; path = Map.swift; sourceTree = "<group>"; };
		69CBB3851FD6D43100255EFB /* grid detection.swift */ = {isa = PBXFileReference; lastKnownFileType = sourcecode.swift; path = "grid detection.swift"; sourceTree = "<group>"; };
		B3508BCB1FCDA03C0085FF30 /* slkscr.ttf */ = {isa = PBXFileReference; lastKnownFileType = file; path = slkscr.ttf; sourceTree = "<group>"; };
		B3508BCD1FCDA0460085FF30 /* slkscrb.ttf */ = {isa = PBXFileReference; lastKnownFileType = file; path = slkscrb.ttf; sourceTree = "<group>"; };
		B3508BCF1FCDA04F0085FF30 /* slkscre.ttf */ = {isa = PBXFileReference; lastKnownFileType = file; path = slkscre.ttf; sourceTree = "<group>"; };
		B3508BD11FCDA0590085FF30 /* slkscreb.ttf */ = {isa = PBXFileReference; lastKnownFileType = file; path = slkscreb.ttf; sourceTree = "<group>"; };
		BC6E3A491FC70347004FE3BB /* Pacman.app */ = {isa = PBXFileReference; explicitFileType = wrapper.application; includeInIndex = 0; path = Pacman.app; sourceTree = BUILT_PRODUCTS_DIR; };
		BC6E3A4C1FC70347004FE3BB /* AppDelegate.swift */ = {isa = PBXFileReference; lastKnownFileType = sourcecode.swift; path = AppDelegate.swift; sourceTree = "<group>"; };
		BC6E3A4E1FC70347004FE3BB /* GameScene.sks */ = {isa = PBXFileReference; lastKnownFileType = file.sks; path = GameScene.sks; sourceTree = "<group>"; };
		BC6E3A501FC70347004FE3BB /* Actions.sks */ = {isa = PBXFileReference; lastKnownFileType = file.sks; path = Actions.sks; sourceTree = "<group>"; };
		BC6E3A521FC70347004FE3BB /* GameScene.swift */ = {isa = PBXFileReference; lastKnownFileType = sourcecode.swift; path = GameScene.swift; sourceTree = "<group>"; };
		BC6E3A541FC70347004FE3BB /* GameViewController.swift */ = {isa = PBXFileReference; lastKnownFileType = sourcecode.swift; path = GameViewController.swift; sourceTree = "<group>"; };
		BC6E3A571FC70347004FE3BB /* Base */ = {isa = PBXFileReference; lastKnownFileType = file.storyboard; name = Base; path = Base.lproj/Main.storyboard; sourceTree = "<group>"; };
		BC6E3A591FC70347004FE3BB /* Assets.xcassets */ = {isa = PBXFileReference; lastKnownFileType = folder.assetcatalog; path = Assets.xcassets; sourceTree = "<group>"; };
		BC6E3A5C1FC70347004FE3BB /* Base */ = {isa = PBXFileReference; lastKnownFileType = file.storyboard; name = Base; path = Base.lproj/LaunchScreen.storyboard; sourceTree = "<group>"; };
		BC6E3A5E1FC70347004FE3BB /* Info.plist */ = {isa = PBXFileReference; lastKnownFileType = text.plist.xml; path = Info.plist; sourceTree = "<group>"; };
/* End PBXFileReference section */

/* Begin PBXFrameworksBuildPhase section */
		BC6E3A461FC70347004FE3BB /* Frameworks */ = {
			isa = PBXFrameworksBuildPhase;
			buildActionMask = 2147483647;
			files = (
			);
			runOnlyForDeploymentPostprocessing = 0;
		};
/* End PBXFrameworksBuildPhase section */

/* Begin PBXGroup section */
		B3508BD31FCDA0660085FF30 /* fonts */ = {
			isa = PBXGroup;
			children = (
				B3508BD11FCDA0590085FF30 /* slkscreb.ttf */,
				B3508BCF1FCDA04F0085FF30 /* slkscre.ttf */,
				B3508BCD1FCDA0460085FF30 /* slkscrb.ttf */,
				B3508BCB1FCDA03C0085FF30 /* slkscr.ttf */,
			);
			path = fonts;
			sourceTree = "<group>";
		};
		BC6E3A401FC70347004FE3BB = {
			isa = PBXGroup;
			children = (
				B3508BD31FCDA0660085FF30 /* fonts */,
				BC6E3A4B1FC70347004FE3BB /* Pacman */,
				BC6E3A4A1FC70347004FE3BB /* Products */,
			);
			sourceTree = "<group>";
		};
		BC6E3A4A1FC70347004FE3BB /* Products */ = {
			isa = PBXGroup;
			children = (
				BC6E3A491FC70347004FE3BB /* Pacman.app */,
			);
			name = Products;
			sourceTree = "<group>";
		};
		BC6E3A4B1FC70347004FE3BB /* Pacman */ = {
			isa = PBXGroup;
			children = (
				BC6E3A4C1FC70347004FE3BB /* AppDelegate.swift */,
				BC6E3A521FC70347004FE3BB /* GameScene.swift */,
				69CBB3851FD6D43100255EFB /* grid detection.swift */,
				69324C941FD9773A0035207F /* Center of tile function.swift */,
				BC6E3A541FC70347004FE3BB /* GameViewController.swift */,
				BC6E3A4E1FC70347004FE3BB /* GameScene.sks */,
				BC6E3A501FC70347004FE3BB /* Actions.sks */,
				BC6E3A561FC70347004FE3BB /* Main.storyboard */,
				BC6E3A591FC70347004FE3BB /* Assets.xcassets */,
				BC6E3A5B1FC70347004FE3BB /* LaunchScreen.storyboard */,
				BC6E3A5E1FC70347004FE3BB /* Info.plist */,
				69C4AE0D1FD19CC300C000E3 /* Map.swift */,
			);
			path = Pacman;
			sourceTree = "<group>";
		};
/* End PBXGroup section */

/* Begin PBXNativeTarget section */
		BC6E3A481FC70347004FE3BB /* Pacman */ = {
			isa = PBXNativeTarget;
			buildConfigurationList = BC6E3A611FC70347004FE3BB /* Build configuration list for PBXNativeTarget "Pacman" */;
			buildPhases = (
				BC6E3A451FC70347004FE3BB /* Sources */,
				BC6E3A461FC70347004FE3BB /* Frameworks */,
				BC6E3A471FC70347004FE3BB /* Resources */,
			);
			buildRules = (
			);
			dependencies = (
			);
			name = Pacman;
			productName = Pacman;
			productReference = BC6E3A491FC70347004FE3BB /* Pacman.app */;
			productType = "com.apple.product-type.application";
		};
/* End PBXNativeTarget section */

/* Begin PBXProject section */
		BC6E3A411FC70347004FE3BB /* Project object */ = {
			isa = PBXProject;
			attributes = {
				LastSwiftUpdateCheck = 0910;
				LastUpgradeCheck = 0910;
				ORGANIZATIONNAME = "Robit-Team  +1";
				TargetAttributes = {
					BC6E3A481FC70347004FE3BB = {
						CreatedOnToolsVersion = 9.1;
						ProvisioningStyle = Automatic;
					};
				};
			};
			buildConfigurationList = BC6E3A441FC70347004FE3BB /* Build configuration list for PBXProject "Pacman" */;
			compatibilityVersion = "Xcode 8.0";
			developmentRegion = en;
			hasScannedForEncodings = 0;
			knownRegions = (
				en,
				Base,
			);
			mainGroup = BC6E3A401FC70347004FE3BB;
			productRefGroup = BC6E3A4A1FC70347004FE3BB /* Products */;
			projectDirPath = "";
			projectRoot = "";
			targets = (
				BC6E3A481FC70347004FE3BB /* Pacman */,
			);
		};
/* End PBXProject section */

/* Begin PBXResourcesBuildPhase section */
		BC6E3A471FC70347004FE3BB /* Resources */ = {
			isa = PBXResourcesBuildPhase;
			buildActionMask = 2147483647;
			files = (
				BC6E3A581FC70347004FE3BB /* Main.storyboard in Resources */,
				BC6E3A4F1FC70347004FE3BB /* GameScene.sks in Resources */,
				BC6E3A5A1FC70347004FE3BB /* Assets.xcassets in Resources */,
				B3508BCE1FCDA0460085FF30 /* slkscrb.ttf in Resources */,
				BC6E3A5D1FC70347004FE3BB /* LaunchScreen.storyboard in Resources */,
				B3508BD21FCDA05A0085FF30 /* slkscreb.ttf in Resources */,
				B3508BCC1FCDA03C0085FF30 /* slkscr.ttf in Resources */,
				B3508BD01FCDA04F0085FF30 /* slkscre.ttf in Resources */,
				BC6E3A511FC70347004FE3BB /* Actions.sks in Resources */,
			);
			runOnlyForDeploymentPostprocessing = 0;
		};
/* End PBXResourcesBuildPhase section */

/* Begin PBXSourcesBuildPhase section */
		BC6E3A451FC70347004FE3BB /* Sources */ = {
			isa = PBXSourcesBuildPhase;
			buildActionMask = 2147483647;
			files = (
				69C4AE0E1FD19CC300C000E3 /* Map.swift in Sources */,
				BC6E3A531FC70347004FE3BB /* GameScene.swift in Sources */,
				BC6E3A551FC70347004FE3BB /* GameViewController.swift in Sources */,
				69CBB3861FD6D43100255EFB /* grid detection.swift in Sources */,
				69324C951FD9773A0035207F /* Center of tile function.swift in Sources */,
				BC6E3A4D1FC70347004FE3BB /* AppDelegate.swift in Sources */,
			);
			runOnlyForDeploymentPostprocessing = 0;
		};
/* End PBXSourcesBuildPhase section */

/* Begin PBXVariantGroup section */
		BC6E3A561FC70347004FE3BB /* Main.storyboard */ = {
			isa = PBXVariantGroup;
			children = (
				BC6E3A571FC70347004FE3BB /* Base */,
			);
			name = Main.storyboard;
			sourceTree = "<group>";
		};
		BC6E3A5B1FC70347004FE3BB /* LaunchScreen.storyboard */ = {
			isa = PBXVariantGroup;
			children = (
				BC6E3A5C1FC70347004FE3BB /* Base */,
			);
			name = LaunchScreen.storyboard;
			sourceTree = "<group>";
		};
/* End PBXVariantGroup section */

/* Begin XCBuildConfiguration section */
		BC6E3A5F1FC70347004FE3BB /* Debug */ = {
			isa = XCBuildConfiguration;
			buildSettings = {
				ALWAYS_SEARCH_USER_PATHS = NO;
				CLANG_ANALYZER_NONNULL = YES;
				CLANG_ANALYZER_NUMBER_OBJECT_CONVERSION = YES_AGGRESSIVE;
				CLANG_CXX_LANGUAGE_STANDARD = "gnu++14";
				CLANG_CXX_LIBRARY = "libc++";
				CLANG_ENABLE_MODULES = YES;
				CLANG_ENABLE_OBJC_ARC = YES;
				CLANG_WARN_BLOCK_CAPTURE_AUTORELEASING = YES;
				CLANG_WARN_BOOL_CONVERSION = YES;
				CLANG_WARN_COMMA = YES;
				CLANG_WARN_CONSTANT_CONVERSION = YES;
				CLANG_WARN_DIRECT_OBJC_ISA_USAGE = YES_ERROR;
				CLANG_WARN_DOCUMENTATION_COMMENTS = YES;
				CLANG_WARN_EMPTY_BODY = YES;
				CLANG_WARN_ENUM_CONVERSION = YES;
				CLANG_WARN_INFINITE_RECURSION = YES;
				CLANG_WARN_INT_CONVERSION = YES;
				CLANG_WARN_NON_LITERAL_NULL_CONVERSION = YES;
				CLANG_WARN_OBJC_LITERAL_CONVERSION = YES;
				CLANG_WARN_OBJC_ROOT_CLASS = YES_ERROR;
				CLANG_WARN_RANGE_LOOP_ANALYSIS = YES;
				CLANG_WARN_STRICT_PROTOTYPES = YES;
				CLANG_WARN_SUSPICIOUS_MOVE = YES;
				CLANG_WARN_UNGUARDED_AVAILABILITY = YES_AGGRESSIVE;
				CLANG_WARN_UNREACHABLE_CODE = YES;
				CLANG_WARN__DUPLICATE_METHOD_MATCH = YES;
				CODE_SIGN_IDENTITY = "iPhone Developer";
				COPY_PHASE_STRIP = NO;
				DEBUG_INFORMATION_FORMAT = dwarf;
				ENABLE_STRICT_OBJC_MSGSEND = YES;
				ENABLE_TESTABILITY = YES;
				GCC_C_LANGUAGE_STANDARD = gnu11;
				GCC_DYNAMIC_NO_PIC = NO;
				GCC_NO_COMMON_BLOCKS = YES;
				GCC_OPTIMIZATION_LEVEL = 0;
				GCC_PREPROCESSOR_DEFINITIONS = (
					"DEBUG=1",
					"$(inherited)",
				);
				GCC_WARN_64_TO_32_BIT_CONVERSION = YES;
				GCC_WARN_ABOUT_RETURN_TYPE = YES_ERROR;
				GCC_WARN_UNDECLARED_SELECTOR = YES;
				GCC_WARN_UNINITIALIZED_AUTOS = YES_AGGRESSIVE;
				GCC_WARN_UNUSED_FUNCTION = YES;
				GCC_WARN_UNUSED_VARIABLE = YES;
				IPHONEOS_DEPLOYMENT_TARGET = 11.1;
				MTL_ENABLE_DEBUG_INFO = YES;
				ONLY_ACTIVE_ARCH = YES;
				SDKROOT = iphoneos;
				SWIFT_ACTIVE_COMPILATION_CONDITIONS = DEBUG;
				SWIFT_OPTIMIZATION_LEVEL = "-Onone";
			};
			name = Debug;
		};
		BC6E3A601FC70347004FE3BB /* Release */ = {
			isa = XCBuildConfiguration;
			buildSettings = {
				ALWAYS_SEARCH_USER_PATHS = NO;
				CLANG_ANALYZER_NONNULL = YES;
				CLANG_ANALYZER_NUMBER_OBJECT_CONVERSION = YES_AGGRESSIVE;
				CLANG_CXX_LANGUAGE_STANDARD = "gnu++14";
				CLANG_CXX_LIBRARY = "libc++";
				CLANG_ENABLE_MODULES = YES;
				CLANG_ENABLE_OBJC_ARC = YES;
				CLANG_WARN_BLOCK_CAPTURE_AUTORELEASING = YES;
				CLANG_WARN_BOOL_CONVERSION = YES;
				CLANG_WARN_COMMA = YES;
				CLANG_WARN_CONSTANT_CONVERSION = YES;
				CLANG_WARN_DIRECT_OBJC_ISA_USAGE = YES_ERROR;
				CLANG_WARN_DOCUMENTATION_COMMENTS = YES;
				CLANG_WARN_EMPTY_BODY = YES;
				CLANG_WARN_ENUM_CONVERSION = YES;
				CLANG_WARN_INFINITE_RECURSION = YES;
				CLANG_WARN_INT_CONVERSION = YES;
				CLANG_WARN_NON_LITERAL_NULL_CONVERSION = YES;
				CLANG_WARN_OBJC_LITERAL_CONVERSION = YES;
				CLANG_WARN_OBJC_ROOT_CLASS = YES_ERROR;
				CLANG_WARN_RANGE_LOOP_ANALYSIS = YES;
				CLANG_WARN_STRICT_PROTOTYPES = YES;
				CLANG_WARN_SUSPICIOUS_MOVE = YES;
				CLANG_WARN_UNGUARDED_AVAILABILITY = YES_AGGRESSIVE;
				CLANG_WARN_UNREACHABLE_CODE = YES;
				CLANG_WARN__DUPLICATE_METHOD_MATCH = YES;
				CODE_SIGN_IDENTITY = "iPhone Developer";
				COPY_PHASE_STRIP = NO;
				DEBUG_INFORMATION_FORMAT = "dwarf-with-dsym";
				ENABLE_NS_ASSERTIONS = NO;
				ENABLE_STRICT_OBJC_MSGSEND = YES;
				GCC_C_LANGUAGE_STANDARD = gnu11;
				GCC_NO_COMMON_BLOCKS = YES;
				GCC_WARN_64_TO_32_BIT_CONVERSION = YES;
				GCC_WARN_ABOUT_RETURN_TYPE = YES_ERROR;
				GCC_WARN_UNDECLARED_SELECTOR = YES;
				GCC_WARN_UNINITIALIZED_AUTOS = YES_AGGRESSIVE;
				GCC_WARN_UNUSED_FUNCTION = YES;
				GCC_WARN_UNUSED_VARIABLE = YES;
				IPHONEOS_DEPLOYMENT_TARGET = 11.1;
				MTL_ENABLE_DEBUG_INFO = NO;
				SDKROOT = iphoneos;
				SWIFT_OPTIMIZATION_LEVEL = "-Owholemodule";
				VALIDATE_PRODUCT = YES;
			};
			name = Release;
		};
		BC6E3A621FC70347004FE3BB /* Debug */ = {
			isa = XCBuildConfiguration;
			buildSettings = {
				ASSETCATALOG_COMPILER_APPICON_NAME = AppIcon;
				CODE_SIGN_STYLE = Automatic;
				INFOPLIST_FILE = Pacman/Info.plist;
				IPHONEOS_DEPLOYMENT_TARGET = 9.3;
				LD_RUNPATH_SEARCH_PATHS = "$(inherited) @executable_path/Frameworks";
				PRODUCT_BUNDLE_IDENTIFIER = "James-Devries.Pacman";
				PRODUCT_NAME = "$(TARGET_NAME)";
				SWIFT_VERSION = 4.0;
				TARGETED_DEVICE_FAMILY = 2;
			};
			name = Debug;
		};
		BC6E3A631FC70347004FE3BB /* Release */ = {
			isa = XCBuildConfiguration;
			buildSettings = {
				ASSETCATALOG_COMPILER_APPICON_NAME = AppIcon;
				CODE_SIGN_STYLE = Automatic;
				INFOPLIST_FILE = Pacman/Info.plist;
				IPHONEOS_DEPLOYMENT_TARGET = 9.3;
				LD_RUNPATH_SEARCH_PATHS = "$(inherited) @executable_path/Frameworks";
				PRODUCT_BUNDLE_IDENTIFIER = "James-Devries.Pacman";
				PRODUCT_NAME = "$(TARGET_NAME)";
				SWIFT_VERSION = 4.0;
				TARGETED_DEVICE_FAMILY = 2;
			};
			name = Release;
		};
/* End XCBuildConfiguration section */

/* Begin XCConfigurationList section */
		BC6E3A441FC70347004FE3BB /* Build configuration list for PBXProject "Pacman" */ = {
			isa = XCConfigurationList;
			buildConfigurations = (
				BC6E3A5F1FC70347004FE3BB /* Debug */,
				BC6E3A601FC70347004FE3BB /* Release */,
			);
			defaultConfigurationIsVisible = 0;
			defaultConfigurationName = Release;
		};
		BC6E3A611FC70347004FE3BB /* Build configuration list for PBXNativeTarget "Pacman" */ = {
			isa = XCConfigurationList;
			buildConfigurations = (
				BC6E3A621FC70347004FE3BB /* Debug */,
				BC6E3A631FC70347004FE3BB /* Release */,
			);
			defaultConfigurationIsVisible = 0;
			defaultConfigurationName = Release;
		};
/* End XCConfigurationList section */
	};
	rootObject = BC6E3A411FC70347004FE3BB /* Project object */;
}
